
Microsoft Visual Studio Solution File, Format Version 12.00
# Visual Studio 15
VisualStudioVersion = 15.0.28307.136
MinimumVisualStudioVersion = 10.0.40219.1
Project("{E24C65DC-7377-472B-9ABA-BC803B73C61A}") = "learnerLibraryapp", ".", "{614A9AFE-3668-43D7-AD74-48AA79E2F5E2}"
	ProjectSection(WebsiteProperties) = preProject
		TargetFrameworkMoniker = ".NETFramework,Version%3Dv4.0"
		Debug.AspNetCompiler.VirtualPath = "/localhost_60865"
		Debug.AspNetCompiler.PhysicalPath = "..\learnerLibraryapp\"
		Debug.AspNetCompiler.TargetPath = "PrecompiledWeb\localhost_60865\"
		Debug.AspNetCompiler.Updateable = "true"
		Debug.AspNetCompiler.ForceOverwrite = "true"
		Debug.AspNetCompiler.FixedNames = "false"
		Debug.AspNetCompiler.Debug = "True"
		Release.AspNetCompiler.VirtualPath = "/localhost_60865"
		Release.AspNetCompiler.PhysicalPath = "..\learnerLibraryapp\"
		Release.AspNetCompiler.TargetPath = "PrecompiledWeb\localhost_60865\"
		Release.AspNetCompiler.Updateable = "true"
		Release.AspNetCompiler.ForceOverwrite = "true"
		Release.AspNetCompiler.FixedNames = "false"
		Release.AspNetCompiler.Debug = "False"
		VWDPort = "60865"
		SlnRelativePath = "..\learnerLibraryapp\"
	EndProjectSection
EndProject
Global
	GlobalSection(SolutionConfigurationPlatforms) = preSolution
		Debug|Any CPU = Debug|Any CPU
	EndGlobalSection
	GlobalSection(ProjectConfigurationPlatforms) = postSolution
		{614A9AFE-3668-43D7-AD74-48AA79E2F5E2}.Debug|Any CPU.ActiveCfg = Debug|Any CPU
		{614A9AFE-3668-43D7-AD74-48AA79E2F5E2}.Debug|Any CPU.Build.0 = Debug|Any CPU
	EndGlobalSection
	GlobalSection(SolutionProperties) = preSolution
		HideSolutionNode = FALSE
	EndGlobalSection
	GlobalSection(ExtensibilityGlobals) = postSolution
		SolutionGuid = {FE911355-7C3D-4D97-83B4-F76535A6141C}
	EndGlobalSection
EndGlobal
